Microsoft Visual Studio Solution File, Format Version 12.00
# Visual Studio 15
VisualStudioVersion = 15.0.26228.9
MinimumVisualStudioVersion = 10.0.40219.1
Project("{FAE04EC0-301F-11D3-BF4B-00C04F79EFBC}") = "MobileInvoice.ios", "MobileInvoice.ios\MobileInvoice.ios.csproj", "{8CB919DC-FCF3-43E5-B433-7045FEB6232C}"
EndProject
Project("{FAE04EC0-301F-11D3-BF4B-00C04F79EFBC}") = "SharpMobileCode.ModalPicker", "SharpMobileCode.ModalPicker\SharpMobileCode.ModalPicker.csproj", "{D8D8ED2E-2C43-416B-8196-46A0AD9788FD}"
EndProject
Project("{FAE04EC0-301F-11D3-BF4B-00C04F79EFBC}") = "MobileInvoice.model", "MobileInvoice.model\MobileInvoice.model.csproj", "{2705A23F-97EB-435D-8E2B-F8EC32921C99}"
EndProject
Project("{FAE04EC0-301F-11D3-BF4B-00C04F79EFBC}") = "MobileInvoice.api", "MobileInvoice.api\MobileInvoice.api.csproj", "{68FE9AD0-2270-43FA-B21E-497F25289495}"
EndProject
Project("{00D1A9C2-B5F0-4AF3-8072-F6C62B433612}") = "MobileInvoice.db", "MobileInvoice.db\MobileInvoice.db.sqlproj", "{17320E48-72AB-47E0-A501-083FD69E6163}"
EndProject
Global
	GlobalSection(SolutionConfigurationPlatforms) = preSolution
		Debug|Any CPU = Debug|Any CPU
		Debug|iPhone = Debug|iPhone
		Debug|iPhoneSimulator = Debug|iPhoneSimulator
		Release|Any CPU = Release|Any CPU
		Release|iPhone = Release|iPhone
		Release|iPhoneSimulator = Release|iPhoneSimulator
	EndGlobalSection
	GlobalSection(ProjectConfigurationPlatforms) = postSolution
		{8CB919DC-FCF3-43E5-B433-7045FEB6232C}.Debug|Any CPU.ActiveCfg = Debug|iPhoneSimulator
		{8CB919DC-FCF3-43E5-B433-7045FEB6232C}.Debug|iPhone.ActiveCfg = Debug|iPhone
		{8CB919DC-FCF3-43E5-B433-7045FEB6232C}.Debug|iPhone.Build.0 = Debug|iPhone
		{8CB919DC-FCF3-43E5-B433-7045FEB6232C}.Debug|iPhoneSimulator.ActiveCfg = Debug|iPhoneSimulator
		{8CB919DC-FCF3-43E5-B433-7045FEB6232C}.Debug|iPhoneSimulator.Build.0 = Debug|iPhoneSimulator
		{8CB919DC-FCF3-43E5-B433-7045FEB6232C}.Release|Any CPU.ActiveCfg = Release|iPhoneSimulator
		{8CB919DC-FCF3-43E5-B433-7045FEB6232C}.Release|iPhone.ActiveCfg = Release|iPhone
		{8CB919DC-FCF3-43E5-B433-7045FEB6232C}.Release|iPhone.Build.0 = Release|iPhone
		{8CB919DC-FCF3-43E5-B433-7045FEB6232C}.Release|iPhoneSimulator.ActiveCfg = Release|iPhoneSimulator
		{8CB919DC-FCF3-43E5-B433-7045FEB6232C}.Release|iPhoneSimulator.Build.0 = Release|iPhoneSimulator
		{D8D8ED2E-2C43-416B-8196-46A0AD9788FD}.Debug|Any CPU.ActiveCfg = Debug|Any CPU
		{D8D8ED2E-2C43-416B-8196-46A0AD9788FD}.Debug|Any CPU.Build.0 = Debug|Any CPU
		{D8D8ED2E-2C43-416B-8196-46A0AD9788FD}.Debug|iPhone.ActiveCfg = Debug|Any CPU
		{D8D8ED2E-2C43-416B-8196-46A0AD9788FD}.Debug|iPhone.Build.0 = Debug|Any CPU
		{D8D8ED2E-2C43-416B-8196-46A0AD9788FD}.Debug|iPhoneSimulator.ActiveCfg = Debug|Any CPU
		{D8D8ED2E-2C43-416B-8196-46A0AD9788FD}.Debug|iPhoneSimulator.Build.0 = Debug|Any CPU
		{D8D8ED2E-2C43-416B-8196-46A0AD9788FD}.Release|Any CPU.ActiveCfg = Release|Any CPU
		{D8D8ED2E-2C43-416B-8196-46A0AD9788FD}.Release|Any CPU.Build.0 = Release|Any CPU
		{D8D8ED2E-2C43-416B-8196-46A0AD9788FD}.Release|iPhone.ActiveCfg = Release|Any CPU
		{D8D8ED2E-2C43-416B-8196-46A0AD9788FD}.Release|iPhone.Build.0 = Release|Any CPU
		{D8D8ED2E-2C43-416B-8196-46A0AD9788FD}.Release|iPhoneSimulator.ActiveCfg = Release|Any CPU
		{D8D8ED2E-2C43-416B-8196-46A0AD9788FD}.Release|iPhoneSimulator.Build.0 = Release|Any CPU
		{2705A23F-97EB-435D-8E2B-F8EC32921C99}.Debug|Any CPU.ActiveCfg = Debug|Any CPU
		{2705A23F-97EB-435D-8E2B-F8EC32921C99}.Debug|Any CPU.Build.0 = Debug|Any CPU
		{2705A23F-97EB-435D-8E2B-F8EC32921C99}.Debug|iPhone.ActiveCfg = Debug|Any CPU
		{2705A23F-97EB-435D-8E2B-F8EC32921C99}.Debug|iPhone.Build.0 = Debug|Any CPU
		{2705A23F-97EB-435D-8E2B-F8EC32921C99}.Debug|iPhoneSimulator.ActiveCfg = Debug|Any CPU
		{2705A23F-97EB-435D-8E2B-F8EC32921C99}.Debug|iPhoneSimulator.Build.0 = Debug|Any CPU
		{2705A23F-97EB-435D-8E2B-F8EC32921C99}.Release|Any CPU.ActiveCfg = Release|Any CPU
		{2705A23F-97EB-435D-8E2B-F8EC32921C99}.Release|Any CPU.Build.0 = Release|Any CPU
		{2705A23F-97EB-435D-8E2B-F8EC32921C99}.Release|iPhone.ActiveCfg = Release|Any CPU
		{2705A23F-97EB-435D-8E2B-F8EC32921C99}.Release|iPhone.Build.0 = Release|Any CPU
		{2705A23F-97EB-435D-8E2B-F8EC32921C99}.Release|iPhoneSimulator.ActiveCfg = Release|Any CPU
		{2705A23F-97EB-435D-8E2B-F8EC32921C99}.Release|iPhoneSimulator.Build.0 = Release|Any CPU
		{68FE9AD0-2270-43FA-B21E-497F25289495}.Debug|Any CPU.ActiveCfg = Debug|Any CPU
		{68FE9AD0-2270-43FA-B21E-497F25289495}.Debug|Any CPU.Build.0 = Debug|Any CPU
		{68FE9AD0-2270-43FA-B21E-497F25289495}.Debug|iPhone.ActiveCfg = Debug|Any CPU
		{68FE9AD0-2270-43FA-B21E-497F25289495}.Debug|iPhone.Build.0 = Debug|Any CPU
		{68FE9AD0-2270-43FA-B21E-497F25289495}.Debug|iPhoneSimulator.ActiveCfg = Debug|Any CPU
		{68FE9AD0-2270-43FA-B21E-497F25289495}.Debug|iPhoneSimulator.Build.0 = Debug|Any CPU
		{68FE9AD0-2270-43FA-B21E-497F25289495}.Release|Any CPU.ActiveCfg = Release|Any CPU
		{68FE9AD0-2270-43FA-B21E-497F25289495}.Release|Any CPU.Build.0 = Release|Any CPU
		{68FE9AD0-2270-43FA-B21E-497F25289495}.Release|iPhone.ActiveCfg = Release|Any CPU
		{68FE9AD0-2270-43FA-B21E-497F25289495}.Release|iPhone.Build.0 = Release|Any CPU
		{68FE9AD0-2270-43FA-B21E-497F25289495}.Release|iPhoneSimulator.ActiveCfg = Release|Any CPU
		{68FE9AD0-2270-43FA-B21E-497F25289495}.Release|iPhoneSimulator.Build.0 = Release|Any CPU
		{17320E48-72AB-47E0-A501-083FD69E6163}.Debug|Any CPU.ActiveCfg = Debug|Any CPU
		{17320E48-72AB-47E0-A501-083FD69E6163}.Debug|Any CPU.Build.0 = Debug|Any CPU
		{17320E48-72AB-47E0-A501-083FD69E6163}.Debug|Any CPU.Deploy.0 = Debug|Any CPU
		{17320E48-72AB-47E0-A501-083FD69E6163}.Debug|iPhone.ActiveCfg = Debug|Any CPU
		{17320E48-72AB-47E0-A501-083FD69E6163}.Debug|iPhone.Build.0 = Debug|Any CPU
		{17320E48-72AB-47E0-A501-083FD69E6163}.Debug|iPhone.Deploy.0 = Debug|Any CPU
		{17320E48-72AB-47E0-A501-083FD69E6163}.Debug|iPhoneSimulator.ActiveCfg = Debug|Any CPU
		{17320E48-72AB-47E0-A501-083FD69E6163}.Debug|iPhoneSimulator.Build.0 = Debug|Any CPU
		{17320E48-72AB-47E0-A501-083FD69E6163}.Debug|iPhoneSimulator.Deploy.0 = Debug|Any CPU
		{17320E48-72AB-47E0-A501-083FD69E6163}.Release|Any CPU.ActiveCfg = Release|Any CPU
		{17320E48-72AB-47E0-A501-083FD69E6163}.Release|Any CPU.Build.0 = Release|Any CPU
		{17320E48-72AB-47E0-A501-083FD69E6163}.Release|Any CPU.Deploy.0 = Release|Any CPU
		{17320E48-72AB-47E0-A501-083FD69E6163}.Release|iPhone.ActiveCfg = Release|Any CPU
		{17320E48-72AB-47E0-A501-083FD69E6163}.Release|iPhone.Build.0 = Release|Any CPU
		{17320E48-72AB-47E0-A501-083FD69E6163}.Release|iPhone.Deploy.0 = Release|Any CPU
		{17320E48-72AB-47E0-A501-083FD69E6163}.Release|iPhoneSimulator.ActiveCfg = Release|Any CPU
		{17320E48-72AB-47E0-A501-083FD69E6163}.Release|iPhoneSimulator.Build.0 = Release|Any CPU
		{17320E48-72AB-47E0-A501-083FD69E6163}.Release|iPhoneSimulator.Deploy.0 = Release|Any CPU
	EndGlobalSection
	GlobalSection(SolutionProperties) = preSolution
		HideSolutionNode = FALSE
	EndGlobalSection
EndGlobal
