
Microsoft Visual Studio Solution File, Format Version 12.00
# Visual Studio 2012
Project("{FAE04EC0-301F-11D3-BF4B-00C04F79EFBC}") = "MobileInvoice.ios", "MobileInvoice.ios\MobileInvoice.ios.csproj", "{8CB919DC-FCF3-43E5-B433-7045FEB6232C}"
EndProject
Global
	GlobalSection(SolutionConfigurationPlatforms) = preSolution
		Debug|iPhoneSimulator = Debug|iPhoneSimulator
		Release|iPhone = Release|iPhone
		Release|iPhoneSimulator = Release|iPhoneSimulator
		Debug|iPhone = Debug|iPhone
	EndGlobalSection
	GlobalSection(ProjectConfigurationPlatforms) = postSolution
		{8CB919DC-FCF3-43E5-B433-7045FEB6232C}.Debug|iPhoneSimulator.ActiveCfg = Debug|iPhoneSimulator
		{8CB919DC-FCF3-43E5-B433-7045FEB6232C}.Debug|iPhoneSimulator.Build.0 = Debug|iPhoneSimulator
		{8CB919DC-FCF3-43E5-B433-7045FEB6232C}.Release|iPhone.ActiveCfg = Release|iPhone
		{8CB919DC-FCF3-43E5-B433-7045FEB6232C}.Release|iPhone.Build.0 = Release|iPhone
		{8CB919DC-FCF3-43E5-B433-7045FEB6232C}.Release|iPhoneSimulator.ActiveCfg = Release|iPhoneSimulator
		{8CB919DC-FCF3-43E5-B433-7045FEB6232C}.Release|iPhoneSimulator.Build.0 = Release|iPhoneSimulator
		{8CB919DC-FCF3-43E5-B433-7045FEB6232C}.Debug|iPhone.ActiveCfg = Debug|iPhone
		{8CB919DC-FCF3-43E5-B433-7045FEB6232C}.Debug|iPhone.Build.0 = Debug|iPhone
	EndGlobalSection
EndGlobal
